
Microsoft Visual Studio Solution File, Format Version 12.00
# Visual Studio Version 16
VisualStudioVersion = 16.0.28803.352
MinimumVisualStudioVersion = 10.0.40219.1
Project("{2150E333-8FDC-42A3-9474-1A3956D46DE8}") = "Feature", "Feature", "{EFB92C2B-978D-4801-B8C0-0E37104B5964}"
EndProject
Project("{2150E333-8FDC-42A3-9474-1A3956D46DE8}") = "Foundation", "Foundation", "{9D6C5A7D-6BBF-439F-9AAF-41B5A9F3C4F1}"
EndProject
Project("{2150E333-8FDC-42A3-9474-1A3956D46DE8}") = "Project", "Project", "{9441641D-9DDA-428D-B37E-E8EFB13E3E4F}"
EndProject
Project("{2150E333-8FDC-42A3-9474-1A3956D46DE8}") = "Build", "Build", "{CEB4B805-E82E-4BFD-8E88-F430C8DB1C31}"
	ProjectSection(SolutionItems) = preProject
		.editorconfig = .editorconfig
		nuget.config = nuget.config
		package.json = package.json
		publishsettings.targets = publishsettings.targets
		README.md = README.md
	EndProjectSection
EndProject
Project("{2150E333-8FDC-42A3-9474-1A3956D46DE8}") = "Website", "Website", "{A43F604D-2EA4-47BE-AD09-78018937124E}"
EndProject
Project("{FAE04EC0-301F-11D3-BF4B-00C04F79EFBC}") = "Chartwell.Project.Website", "src\Project\Website\code\Chartwell.Project.Website.csproj", "{EE689627-ED13-4E75-A78F-E2239C754497}"
	ProjectSection(ProjectDependencies) = postProject
		{832C750F-DD32-479B-878E-8EC2D60515EF} = {832C750F-DD32-479B-878E-8EC2D60515EF}
		{9125D01E-7F48-410F-BF89-2CBB5A627C0E} = {9125D01E-7F48-410F-BF89-2CBB5A627C0E}
		{B32D6539-3275-4D61-BF26-F695030E335A} = {B32D6539-3275-4D61-BF26-F695030E335A}
		{52A4C249-91D4-4B2C-B483-E2E9DD36860B} = {52A4C249-91D4-4B2C-B483-E2E9DD36860B}
		{074D5C5B-DEC7-47A1-9D03-C5B8C7992CEA} = {074D5C5B-DEC7-47A1-9D03-C5B8C7992CEA}
		{94318764-4F34-4278-A075-8C2FC2E71143} = {94318764-4F34-4278-A075-8C2FC2E71143}
		{CD0CE06F-4FC7-40E2-8B74-7C0ACD86A8F2} = {CD0CE06F-4FC7-40E2-8B74-7C0ACD86A8F2}
		{12C08374-D1C8-40C7-B91D-D7EE9E5FB42F} = {12C08374-D1C8-40C7-B91D-D7EE9E5FB42F}
		{6445DE74-909D-49AB-9640-7CA76EF2246C} = {6445DE74-909D-49AB-9640-7CA76EF2246C}
		{F11FD675-2E15-4B20-ACC8-62FE49693179} = {F11FD675-2E15-4B20-ACC8-62FE49693179}
		{82B26280-1A3E-40C8-A45F-E4716B5232A2} = {82B26280-1A3E-40C8-A45F-E4716B5232A2}
		{9BC59B80-922F-4200-9828-AADD64B808BD} = {9BC59B80-922F-4200-9828-AADD64B808BD}
		{0C73C780-1484-4478-9AA5-5A182AD0DA21} = {0C73C780-1484-4478-9AA5-5A182AD0DA21}
		{9B52CF81-4146-403E-99F5-6BC145CE691E} = {9B52CF81-4146-403E-99F5-6BC145CE691E}
		{50762089-6D92-43B8-AF13-D936BBB29FDB} = {50762089-6D92-43B8-AF13-D936BBB29FDB}
		{F861AE8B-4A9E-43CD-BB20-5DBD78B78FF4} = {F861AE8B-4A9E-43CD-BB20-5DBD78B78FF4}
		{E7DFB0A3-988D-4DCC-BF92-3E91DFC723CD} = {E7DFB0A3-988D-4DCC-BF92-3E91DFC723CD}
		{57BF1BA9-FC93-4A52-B831-0291364076F3} = {57BF1BA9-FC93-4A52-B831-0291364076F3}
		{172A3ABE-3DE5-4160-BDD2-9E40C0597445} = {172A3ABE-3DE5-4160-BDD2-9E40C0597445}
		{31B463CD-4632-4A89-BA89-14219B323168} = {31B463CD-4632-4A89-BA89-14219B323168}
		{C9528DCD-C19D-4D09-B09B-7741E8DA7170} = {C9528DCD-C19D-4D09-B09B-7741E8DA7170}
		{50877BD4-36CF-423A-9E74-BFA4292E78EB} = {50877BD4-36CF-423A-9E74-BFA4292E78EB}
		{B6E950D5-1A8F-4D7A-9D48-07FF0C4C827B} = {B6E950D5-1A8F-4D7A-9D48-07FF0C4C827B}
		{BF5874E0-A343-4C0F-95C4-515DFA8A91F5} = {BF5874E0-A343-4C0F-95C4-515DFA8A91F5}
		{B28B47E5-EAE9-441C-BAD4-8C02D3EC8507} = {B28B47E5-EAE9-441C-BAD4-8C02D3EC8507}
		{565808E6-EA4E-48D1-BD1C-EEF63B8A9BCB} = {565808E6-EA4E-48D1-BD1C-EEF63B8A9BCB}
		{00C002E7-C01A-46C6-A08B-C35050DEF9D7} = {00C002E7-C01A-46C6-A08B-C35050DEF9D7}
		{AF356CF2-772B-4B4C-8AD1-A784BC2B7DD3} = {AF356CF2-772B-4B4C-8AD1-A784BC2B7DD3}
		{E43A25F7-7AF6-4309-A120-003F861BB37D} = {E43A25F7-7AF6-4309-A120-003F861BB37D}
		{09F0A2FB-9B6F-497C-A5B3-00B6784AAC29} = {09F0A2FB-9B6F-497C-A5B3-00B6784AAC29}
	EndProjectSection
EndProject
Project("{FAE04EC0-301F-11D3-BF4B-00C04F79EFBC}") = "Chartwell.Feature.MainSearch", "src\Feature\MainSearch\code\Chartwell.Feature.MainSearch.csproj", "{B28B47E5-EAE9-441C-BAD4-8C02D3EC8507}"
EndProject
Project("{2150E333-8FDC-42A3-9474-1A3956D46DE8}") = "Search", "Search", "{5E02BE08-E142-4C82-A3CE-01C86B91EA31}"
EndProject
Project("{FAE04EC0-301F-11D3-BF4B-00C04F79EFBC}") = "Chartwell.Feature.Language", "src\Feature\Language\code\Chartwell.Feature.Language.csproj", "{C9528DCD-C19D-4D09-B09B-7741E8DA7170}"
EndProject
Project("{2150E333-8FDC-42A3-9474-1A3956D46DE8}") = "Language", "Language", "{589A0BCB-7818-455F-8F6A-0C323D589CAF}"
EndProject
Project("{FAE04EC0-301F-11D3-BF4B-00C04F79EFBC}") = "Chartwell.Feature.Overview", "src\Feature\Overview\Code\Chartwell.Feature.Overview.csproj", "{12C08374-D1C8-40C7-B91D-D7EE9E5FB42F}"
EndProject
Project("{2150E333-8FDC-42A3-9474-1A3956D46DE8}") = "Overview", "Overview", "{6859C2B1-0CE6-45F8-BCD7-9B0664663946}"
EndProject
Project("{2150E333-8FDC-42A3-9474-1A3956D46DE8}") = "LeftNavigation", "LeftNavigation", "{28555A82-E9DC-4E03-B425-2CF82C97FC4B}"
EndProject
Project("{FAE04EC0-301F-11D3-BF4B-00C04F79EFBC}") = "Chartwell.Feature.LeftNavigation", "src\Feature\LeftNavigation\Code\Chartwell.Feature.LeftNavigation.csproj", "{F861AE8B-4A9E-43CD-BB20-5DBD78B78FF4}"
EndProject
Project("{FAE04EC0-301F-11D3-BF4B-00C04F79EFBC}") = "Chartwell.Feature.VirtualTour", "src\Feature\VirtualTour\Code\Chartwell.Feature.VirtualTour.csproj", "{52A4C249-91D4-4B2C-B483-E2E9DD36860B}"
EndProject
Project("{2150E333-8FDC-42A3-9474-1A3956D46DE8}") = "VirtualTour", "VirtualTour", "{D83E50AB-ACA3-49B8-9DB4-C0CCDCABC6E0}"
EndProject
Project("{FAE04EC0-301F-11D3-BF4B-00C04F79EFBC}") = "Chartwell.Feature.ServiceLevel", "src\Feature\ServiceLevel\Code\Chartwell.Feature.ServiceLevel.csproj", "{6445DE74-909D-49AB-9640-7CA76EF2246C}"
EndProject
Project("{2150E333-8FDC-42A3-9474-1A3956D46DE8}") = "CareService", "CareService", "{2334E842-22C9-49FC-8672-3E08CED96801}"
EndProject
Project("{FAE04EC0-301F-11D3-BF4B-00C04F79EFBC}") = "Chartwell.Feature.DiningService", "src\Feature\Dining\code\Chartwell.Feature.DiningService.csproj", "{F11FD675-2E15-4B20-ACC8-62FE49693179}"
EndProject
Project("{2150E333-8FDC-42A3-9474-1A3956D46DE8}") = "Dining", "Dining", "{B227B341-EA64-4FEC-9960-958B6D01DBFE}"
EndProject
Project("{FAE04EC0-301F-11D3-BF4B-00C04F79EFBC}") = "Chartwell.Feature.WellnessService", "src\Feature\WellnessService\Code\Chartwell.Feature.WellnessService.csproj", "{172A3ABE-3DE5-4160-BDD2-9E40C0597445}"
EndProject
Project("{2150E333-8FDC-42A3-9474-1A3956D46DE8}") = "WellnessService", "WellnessService", "{AE3FC748-1483-4FFB-B252-DAD605E082DC}"
EndProject
Project("{FAE04EC0-301F-11D3-BF4B-00C04F79EFBC}") = "Chartwell.Feature.Neighborhood", "src\Feature\Neighborhood\Code\Chartwell.Feature.Neighborhood.csproj", "{074D5C5B-DEC7-47A1-9D03-C5B8C7992CEA}"
EndProject
Project("{2150E333-8FDC-42A3-9474-1A3956D46DE8}") = "Neighborhood", "Neighborhood", "{3C1F09A6-A0AB-4432-9D5C-47775F7208C2}"
EndProject
Project("{FAE04EC0-301F-11D3-BF4B-00C04F79EFBC}") = "Chartwell.Feature.Activities", "src\Feature\Activities\Code\Chartwell.Feature.Activities.csproj", "{9BC59B80-922F-4200-9828-AADD64B808BD}"
EndProject
Project("{2150E333-8FDC-42A3-9474-1A3956D46DE8}") = "Activities", "Activities", "{C33EA560-C9F3-4D80-AB74-D24BE4D49569}"
EndProject
Project("{2150E333-8FDC-42A3-9474-1A3956D46DE8}") = "Amenities", "Amenities", "{6D07A34F-7EA9-4D03-B3B9-1F57ACC5887F}"
EndProject
Project("{FAE04EC0-301F-11D3-BF4B-00C04F79EFBC}") = "Chartwell.Feature.Amenities", "src\Feature\Aminities\Code\Chartwell.Feature.Amenities.csproj", "{09F0A2FB-9B6F-497C-A5B3-00B6784AAC29}"
EndProject
Project("{FAE04EC0-301F-11D3-BF4B-00C04F79EFBC}") = "Chartwell.Feature.Breadcrumb", "src\Feature\Breadcrumb\code\Chartwell.Feature.Breadcrumb.csproj", "{AF356CF2-772B-4B4C-8AD1-A784BC2B7DD3}"
EndProject
Project("{FAE04EC0-301F-11D3-BF4B-00C04F79EFBC}") = "Chartwell.Feature.ContactUs", "src\Feature\ContactUS\code\Chartwell.Feature.ContactUs.csproj", "{B6E950D5-1A8F-4D7A-9D48-07FF0C4C827B}"
EndProject
Project("{FAE04EC0-301F-11D3-BF4B-00C04F79EFBC}") = "Chartwell.Feature.SearchResultsGrid", "src\Feature\SearchResultsGrid\code\Chartwell.Feature.SearchResultsGrid.csproj", "{9B52CF81-4146-403E-99F5-6BC145CE691E}"
EndProject
Project("{FAE04EC0-301F-11D3-BF4B-00C04F79EFBC}") = "Chartwell.Feature.NearbyResidences", "src\Feature\NearbyResidences\code\Chartwell.Feature.NearbyResidences.csproj", "{832C750F-DD32-479B-878E-8EC2D60515EF}"
EndProject
Project("{2150E333-8FDC-42A3-9474-1A3956D46DE8}") = "Breadcrumb", "Breadcrumb", "{8B5D5A4D-2F9F-49B9-B9F1-020140CAF7F6}"
EndProject
Project("{2150E333-8FDC-42A3-9474-1A3956D46DE8}") = "ContactUs", "ContactUs", "{B4DAE59B-7A46-4B3D-A8D2-AB44A73BE0B1}"
EndProject
Project("{2150E333-8FDC-42A3-9474-1A3956D46DE8}") = "NearbyResidence", "NearbyResidence", "{694C2EB6-0617-4BC3-88ED-40C77A57562D}"
EndProject
Project("{2150E333-8FDC-42A3-9474-1A3956D46DE8}") = "SearchGrid", "SearchGrid", "{F843E36A-D663-4F46-BA39-94E645CA2C45}"
EndProject
Project("{FAE04EC0-301F-11D3-BF4B-00C04F79EFBC}") = "Chartwell.Feature.ReviewsRatings", "src\Feature\ReviewsRatings\code\Chartwell.Feature.ReviewsRatings.csproj", "{CD0CE06F-4FC7-40E2-8B74-7C0ACD86A8F2}"
EndProject
Project("{2150E333-8FDC-42A3-9474-1A3956D46DE8}") = "ReviewsRatings", "ReviewsRatings", "{C8389C28-6FA9-4F20-9EF3-7E8D31A18028}"
EndProject
Project("{FAE04EC0-301F-11D3-BF4B-00C04F79EFBC}") = "Chartwell.Foundation.Utility", "src\Foundation\utilities\code\Chartwell.Foundation.Utility.csproj", "{B32D6539-3275-4D61-BF26-F695030E335A}"
EndProject
Project("{FAE04EC0-301F-11D3-BF4B-00C04F79EFBC}") = "Chartwell.Feature.StaticPages", "src\Feature\StaticPages\code\Chartwell.Feature.StaticPages.csproj", "{BF5874E0-A343-4C0F-95C4-515DFA8A91F5}"
EndProject
Project("{2150E333-8FDC-42A3-9474-1A3956D46DE8}") = "StaticPages-Redirect", "StaticPages-Redirect", "{3B9D7061-621D-4D1E-AD4E-A5ED026F8C20}"
EndProject
Project("{2150E333-8FDC-42A3-9474-1A3956D46DE8}") = "CorporateContact", "CorporateContact", "{C88B7F2B-1C27-4D24-BCBB-3C1E4C1EFFC8}"
EndProject
Project("{FAE04EC0-301F-11D3-BF4B-00C04F79EFBC}") = "Chartwell.Feature.CorporateContact", "src\Feature\CorporateContact\code\Chartwell.Feature.CorporateContact.csproj", "{565808E6-EA4E-48D1-BD1C-EEF63B8A9BCB}"
EndProject
Project("{2150E333-8FDC-42A3-9474-1A3956D46DE8}") = "PageSEO", "PageSEO", "{AABD6747-0BF1-42CE-ACE4-DF2FA53EDF87}"
EndProject
Project("{FAE04EC0-301F-11D3-BF4B-00C04F79EFBC}") = "Chartwell.Feature.PageSEO", "src\Feature\PageSEO\code\Chartwell.Feature.PageSEO.csproj", "{50877BD4-36CF-423A-9E74-BFA4292E78EB}"
EndProject
Project("{2150E333-8FDC-42A3-9474-1A3956D46DE8}") = "GeneralContact", "GeneralContact", "{AC7EE8B6-0E7B-41EA-B916-7A3FE1C19DB0}"
EndProject
Project("{FAE04EC0-301F-11D3-BF4B-00C04F79EFBC}") = "Chartwell.Feature.GeneralContact", "src\Feature\GeneralContact\code\Chartwell.Feature.GeneralContact.csproj", "{0C73C780-1484-4478-9AA5-5A182AD0DA21}"
EndProject
Project("{2150E333-8FDC-42A3-9474-1A3956D46DE8}") = "RegionalContact", "RegionalContact", "{A1F2D716-CE68-4FF3-A1C6-EA01F315D834}"
EndProject
Project("{FAE04EC0-301F-11D3-BF4B-00C04F79EFBC}") = "Chartwell.Feature.RegionalContact", "src\Feature\RegionalContact\code\Chartwell.Feature.RegionalContact.csproj", "{E43A25F7-7AF6-4309-A120-003F861BB37D}"
EndProject
Project("{2150E333-8FDC-42A3-9474-1A3956D46DE8}") = "TopHeader", "TopHeader", "{747A1746-61AD-4A84-8CF9-786921EF1608}"
EndProject
Project("{FAE04EC0-301F-11D3-BF4B-00C04F79EFBC}") = "Chartwell.Feature.TopHeader", "src\Feature\TopHeader\code\Chartwell.Feature.TopHeader.csproj", "{31B463CD-4632-4A89-BA89-14219B323168}"
EndProject
Project("{2150E333-8FDC-42A3-9474-1A3956D46DE8}") = "LocationBasedSearch", "LocationBasedSearch", "{53621CBA-9821-46CA-8E5C-C2AD7F6BA76A}"
EndProject
Project("{FAE04EC0-301F-11D3-BF4B-00C04F79EFBC}") = "Chartwell.Feature.LocationBasedSearch", "src\Feature\LocationBasedSearch\code\Chartwell.Feature.LocationBasedSearch.csproj", "{9125D01E-7F48-410F-BF89-2CBB5A627C0E}"
EndProject
Project("{FAE04EC0-301F-11D3-BF4B-00C04F79EFBC}") = "Chartwell.Feature.RecentlyViewedPages", "src\Feature\RecentlyViewedPages\code\Chartwell.Feature.RecentlyViewedPages.csproj", "{00C002E7-C01A-46C6-A08B-C35050DEF9D7}"
EndProject
Project("{2150E333-8FDC-42A3-9474-1A3956D46DE8}") = "RecentlyViewedPages", "RecentlyViewedPages", "{28702145-8836-446D-AE91-9DEC65D7B6AE}"
EndProject
Project("{2150E333-8FDC-42A3-9474-1A3956D46DE8}") = "Suite", "Suite", "{156008A2-3E85-43B5-BEAA-A4A13E34681D}"
EndProject
Project("{FAE04EC0-301F-11D3-BF4B-00C04F79EFBC}") = "Chartwell.Foundation.MediaRedirect", "src\Foundation\MediaRedirect\code\Chartwell.Foundation.MediaRedirect.csproj", "{50762089-6D92-43B8-AF13-D936BBB29FDB}"
EndProject
Project("{FAE04EC0-301F-11D3-BF4B-00C04F79EFBC}") = "Chartwell.Foundation.Redirect", "src\Foundation\RedirectUrl\code\Chartwell.Foundation.Redirect.csproj", "{82B26280-1A3E-40C8-A45F-E4716B5232A2}"
EndProject
Project("{FAE04EC0-301F-11D3-BF4B-00C04F79EFBC}") = "Chartwell.Feature.Photos", "src\Feature\Photos\code\Chartwell.Feature.Photos.csproj", "{94318764-4F34-4278-A075-8C2FC2E71143}"
EndProject
Project("{2150E333-8FDC-42A3-9474-1A3956D46DE8}") = "Photos", "Photos", "{86A73BA3-1A96-4752-94EE-C74D134EC9A0}"
EndProject
Project("{2150E333-8FDC-42A3-9474-1A3956D46DE8}") = "TopNav", "TopNav", "{709013A9-F58B-426A-955A-EE0D482C009D}"
EndProject
Project("{FAE04EC0-301F-11D3-BF4B-00C04F79EFBC}") = "Chartwell.Feature.TopNav", "src\Feature\TopNav\code\Chartwell.Feature.TopNav.csproj", "{57BF1BA9-FC93-4A52-B831-0291364076F3}"
EndProject
Project("{FAE04EC0-301F-11D3-BF4B-00C04F79EFBC}") = "Chartwell.Foundation.CustomAnnotations", "src\Foundation\CustomAnnotations\code\Chartwell.Foundation.CustomAnnotations.csproj", "{3EE91FAF-4F79-453B-ADA6-E3F3DAF24625}"
EndProject
Project("{2150E333-8FDC-42A3-9474-1A3956D46DE8}") = "HomeCarousel", "HomeCarousel", "{BD0CDBEA-80B5-4DB4-ABB7-3B31D8ECA3E8}"
EndProject
Project("{FAE04EC0-301F-11D3-BF4B-00C04F79EFBC}") = "Chartwell.Feature.HomeCarousel", "src\Feature\HomeCarousel\code\Chartwell.Feature.HomeCarousel\Chartwell.Feature.HomeCarousel.csproj", "{75EBA888-510F-4EBE-947A-D9D483950992}"
EndProject
Project("{2150E333-8FDC-42A3-9474-1A3956D46DE8}") = "ValueProviders", "ValueProviders", "{3FAC025A-46A4-45EA-B596-496B79E63ED4}"
EndProject
Project("{FAE04EC0-301F-11D3-BF4B-00C04F79EFBC}") = "Chartwell.Feature.ValueProviders", "src\Feature\ValueProviders\code\Chartwell.Feature.ValueProviders.csproj", "{DB65EA31-A777-4B91-95F5-A55C59A9D0DA}"
EndProject
Project("{FAE04EC0-301F-11D3-BF4B-00C04F79EFBC}") = "Chartwell.Feature.HeyChartwell", "src\Feature\HeyChartwell\code\Chartwell.Feature.HeyChartwell.csproj", "{874D9F67-B300-4914-BBF7-57C58825A664}"
EndProject
Project("{2150E333-8FDC-42A3-9474-1A3956D46DE8}") = "HeyChartwell", "HeyChartwell", "{0ED3856A-CC4B-462E-8B35-13D188AF38D4}"
EndProject
Project("{FAE04EC0-301F-11D3-BF4B-00C04F79EFBC}") = "Chartwell.Feature.CustomFacets", "src\Feature\CustomFacets\code\Chartwell.Feature.CustomFacets.csproj", "{3FBF8842-963F-45B4-A553-DEE383607FC2}"
EndProject
Project("{2150E333-8FDC-42A3-9474-1A3956D46DE8}") = "CustomFacets", "CustomFacets", "{51F283BB-DBCF-404A-AD92-AA019DB4D0C8}"
EndProject
Project("{FAE04EC0-301F-11D3-BF4B-00C04F79EFBC}") = "Chartwell.Feature.InfectionProtocol", "src\Feature\InfectionProtocol\code\Chartwell.Feature.InfectionProtocol.csproj", "{7D9C713B-C85E-4BD3-A474-6E8893DFE74D}"
EndProject
Project("{2150E333-8FDC-42A3-9474-1A3956D46DE8}") = "InfectionProtocol", "InfectionProtocol", "{070BEAE2-0039-4A91-BCA1-87C9D8179B77}"
EndProject
Project("{FAE04EC0-301F-11D3-BF4B-00C04F79EFBC}") = "Chartwell.Feature.QuestionnaireForm", "src\Feature\QuestionnaireForm\code\Chartwell.Feature.QuestionnaireForm.csproj", "{D31F2A96-8394-46F1-80D6-2FAC2FC1CA87}"
EndProject
Project("{2150E333-8FDC-42A3-9474-1A3956D46DE8}") = "QuestionnaireForm", "QuestionnaireForm", "{CA7B1B43-1580-4CCC-8737-0767246A86D4}"
EndProject
Project("{2150E333-8FDC-42A3-9474-1A3956D46DE8}") = "UnitTests", "UnitTests", "{E9E31C9D-CF9D-4F5C-AE5A-7869F8AB6C26}"
EndProject
Project("{FAE04EC0-301F-11D3-BF4B-00C04F79EFBC}") = "Chartwell.Unit.Tests", "src\UnitTests\Chartwell.Unit.Tests\Chartwell.Unit.Tests.csproj", "{B2987D0E-FDD6-4BBE-8777-326735432C70}"
EndProject
Project("{FAE04EC0-301F-11D3-BF4B-00C04F79EFBC}") = "SeleniumTests", "src\UnitTests\SeleniumTests\SeleniumTests.csproj", "{89D04A8D-C900-4D75-845A-BA115CEF94FA}"
EndProject
Project("{FAE04EC0-301F-11D3-BF4B-00C04F79EFBC}") = "Chartwell.Feature.Suites", "src\Feature\Suites\code\Chartwell.Feature.Suites.csproj", "{E7DFB0A3-988D-4DCC-BF92-3E91DFC723CD}"
EndProject
Project("{FAE04EC0-301F-11D3-BF4B-00C04F79EFBC}") = "Chartwell.Foundation.Models", "src\Foundation\ChartwellModels\code\Chartwell.Foundation.Models.csproj", "{BCA96209-6006-4D5C-9B72-4181230B026B}"
EndProject
Global
	GlobalSection(SolutionConfigurationPlatforms) = preSolution
		Debug|Any CPU = Debug|Any CPU
		Release|Any CPU = Release|Any CPU
		TG-LocalDev|Any CPU = TG-LocalDev|Any CPU
	EndGlobalSection
	GlobalSection(ProjectConfigurationPlatforms) = postSolution
		{EE689627-ED13-4E75-A78F-E2239C754497}.Debug|Any CPU.ActiveCfg = Debug|Any CPU
		{EE689627-ED13-4E75-A78F-E2239C754497}.Debug|Any CPU.Build.0 = Debug|Any CPU
		{EE689627-ED13-4E75-A78F-E2239C754497}.Release|Any CPU.ActiveCfg = Release|Any CPU
		{EE689627-ED13-4E75-A78F-E2239C754497}.Release|Any CPU.Build.0 = Release|Any CPU
		{EE689627-ED13-4E75-A78F-E2239C754497}.TG-LocalDev|Any CPU.ActiveCfg = Release|Any CPU
		{EE689627-ED13-4E75-A78F-E2239C754497}.TG-LocalDev|Any CPU.Build.0 = Release|Any CPU
		{B28B47E5-EAE9-441C-BAD4-8C02D3EC8507}.Debug|Any CPU.ActiveCfg = Debug|Any CPU
		{B28B47E5-EAE9-441C-BAD4-8C02D3EC8507}.Debug|Any CPU.Build.0 = Debug|Any CPU
		{B28B47E5-EAE9-441C-BAD4-8C02D3EC8507}.Release|Any CPU.ActiveCfg = Release|Any CPU
		{B28B47E5-EAE9-441C-BAD4-8C02D3EC8507}.Release|Any CPU.Build.0 = Release|Any CPU
		{B28B47E5-EAE9-441C-BAD4-8C02D3EC8507}.TG-LocalDev|Any CPU.ActiveCfg = Release|Any CPU
		{B28B47E5-EAE9-441C-BAD4-8C02D3EC8507}.TG-LocalDev|Any CPU.Build.0 = Release|Any CPU
		{C9528DCD-C19D-4D09-B09B-7741E8DA7170}.Debug|Any CPU.ActiveCfg = Debug|Any CPU
		{C9528DCD-C19D-4D09-B09B-7741E8DA7170}.Debug|Any CPU.Build.0 = Debug|Any CPU
		{C9528DCD-C19D-4D09-B09B-7741E8DA7170}.Release|Any CPU.ActiveCfg = Release|Any CPU
		{C9528DCD-C19D-4D09-B09B-7741E8DA7170}.Release|Any CPU.Build.0 = Release|Any CPU
		{C9528DCD-C19D-4D09-B09B-7741E8DA7170}.TG-LocalDev|Any CPU.ActiveCfg = Release|Any CPU
		{C9528DCD-C19D-4D09-B09B-7741E8DA7170}.TG-LocalDev|Any CPU.Build.0 = Release|Any CPU
		{12C08374-D1C8-40C7-B91D-D7EE9E5FB42F}.Debug|Any CPU.ActiveCfg = Debug|Any CPU
		{12C08374-D1C8-40C7-B91D-D7EE9E5FB42F}.Debug|Any CPU.Build.0 = Debug|Any CPU
		{12C08374-D1C8-40C7-B91D-D7EE9E5FB42F}.Release|Any CPU.ActiveCfg = Release|Any CPU
		{12C08374-D1C8-40C7-B91D-D7EE9E5FB42F}.Release|Any CPU.Build.0 = Release|Any CPU
		{12C08374-D1C8-40C7-B91D-D7EE9E5FB42F}.TG-LocalDev|Any CPU.ActiveCfg = Release|Any CPU
		{12C08374-D1C8-40C7-B91D-D7EE9E5FB42F}.TG-LocalDev|Any CPU.Build.0 = Release|Any CPU
		{F861AE8B-4A9E-43CD-BB20-5DBD78B78FF4}.Debug|Any CPU.ActiveCfg = Debug|Any CPU
		{F861AE8B-4A9E-43CD-BB20-5DBD78B78FF4}.Debug|Any CPU.Build.0 = Debug|Any CPU
		{F861AE8B-4A9E-43CD-BB20-5DBD78B78FF4}.Release|Any CPU.ActiveCfg = Release|Any CPU
		{F861AE8B-4A9E-43CD-BB20-5DBD78B78FF4}.Release|Any CPU.Build.0 = Release|Any CPU
		{F861AE8B-4A9E-43CD-BB20-5DBD78B78FF4}.TG-LocalDev|Any CPU.ActiveCfg = Release|Any CPU
		{F861AE8B-4A9E-43CD-BB20-5DBD78B78FF4}.TG-LocalDev|Any CPU.Build.0 = Release|Any CPU
		{52A4C249-91D4-4B2C-B483-E2E9DD36860B}.Debug|Any CPU.ActiveCfg = Debug|Any CPU
		{52A4C249-91D4-4B2C-B483-E2E9DD36860B}.Debug|Any CPU.Build.0 = Debug|Any CPU
		{52A4C249-91D4-4B2C-B483-E2E9DD36860B}.Release|Any CPU.ActiveCfg = Release|Any CPU
		{52A4C249-91D4-4B2C-B483-E2E9DD36860B}.Release|Any CPU.Build.0 = Release|Any CPU
		{52A4C249-91D4-4B2C-B483-E2E9DD36860B}.TG-LocalDev|Any CPU.ActiveCfg = Release|Any CPU
		{52A4C249-91D4-4B2C-B483-E2E9DD36860B}.TG-LocalDev|Any CPU.Build.0 = Release|Any CPU
		{6445DE74-909D-49AB-9640-7CA76EF2246C}.Debug|Any CPU.ActiveCfg = Debug|Any CPU
		{6445DE74-909D-49AB-9640-7CA76EF2246C}.Debug|Any CPU.Build.0 = Debug|Any CPU
		{6445DE74-909D-49AB-9640-7CA76EF2246C}.Release|Any CPU.ActiveCfg = Release|Any CPU
		{6445DE74-909D-49AB-9640-7CA76EF2246C}.Release|Any CPU.Build.0 = Release|Any CPU
		{6445DE74-909D-49AB-9640-7CA76EF2246C}.TG-LocalDev|Any CPU.ActiveCfg = Release|Any CPU
		{6445DE74-909D-49AB-9640-7CA76EF2246C}.TG-LocalDev|Any CPU.Build.0 = Release|Any CPU
		{F11FD675-2E15-4B20-ACC8-62FE49693179}.Debug|Any CPU.ActiveCfg = Debug|Any CPU
		{F11FD675-2E15-4B20-ACC8-62FE49693179}.Debug|Any CPU.Build.0 = Debug|Any CPU
		{F11FD675-2E15-4B20-ACC8-62FE49693179}.Release|Any CPU.ActiveCfg = Release|Any CPU
		{F11FD675-2E15-4B20-ACC8-62FE49693179}.Release|Any CPU.Build.0 = Release|Any CPU
		{F11FD675-2E15-4B20-ACC8-62FE49693179}.TG-LocalDev|Any CPU.ActiveCfg = Release|Any CPU
		{F11FD675-2E15-4B20-ACC8-62FE49693179}.TG-LocalDev|Any CPU.Build.0 = Release|Any CPU
		{172A3ABE-3DE5-4160-BDD2-9E40C0597445}.Debug|Any CPU.ActiveCfg = Debug|Any CPU
		{172A3ABE-3DE5-4160-BDD2-9E40C0597445}.Debug|Any CPU.Build.0 = Debug|Any CPU
		{172A3ABE-3DE5-4160-BDD2-9E40C0597445}.Release|Any CPU.ActiveCfg = Release|Any CPU
		{172A3ABE-3DE5-4160-BDD2-9E40C0597445}.Release|Any CPU.Build.0 = Release|Any CPU
		{172A3ABE-3DE5-4160-BDD2-9E40C0597445}.TG-LocalDev|Any CPU.ActiveCfg = Release|Any CPU
		{172A3ABE-3DE5-4160-BDD2-9E40C0597445}.TG-LocalDev|Any CPU.Build.0 = Release|Any CPU
		{074D5C5B-DEC7-47A1-9D03-C5B8C7992CEA}.Debug|Any CPU.ActiveCfg = Debug|Any CPU
		{074D5C5B-DEC7-47A1-9D03-C5B8C7992CEA}.Debug|Any CPU.Build.0 = Debug|Any CPU
		{074D5C5B-DEC7-47A1-9D03-C5B8C7992CEA}.Release|Any CPU.ActiveCfg = Release|Any CPU
		{074D5C5B-DEC7-47A1-9D03-C5B8C7992CEA}.Release|Any CPU.Build.0 = Release|Any CPU
		{074D5C5B-DEC7-47A1-9D03-C5B8C7992CEA}.TG-LocalDev|Any CPU.ActiveCfg = Release|Any CPU
		{074D5C5B-DEC7-47A1-9D03-C5B8C7992CEA}.TG-LocalDev|Any CPU.Build.0 = Release|Any CPU
		{9BC59B80-922F-4200-9828-AADD64B808BD}.Debug|Any CPU.ActiveCfg = Debug|Any CPU
		{9BC59B80-922F-4200-9828-AADD64B808BD}.Debug|Any CPU.Build.0 = Debug|Any CPU
		{9BC59B80-922F-4200-9828-AADD64B808BD}.Release|Any CPU.ActiveCfg = Release|Any CPU
		{9BC59B80-922F-4200-9828-AADD64B808BD}.Release|Any CPU.Build.0 = Release|Any CPU
		{9BC59B80-922F-4200-9828-AADD64B808BD}.TG-LocalDev|Any CPU.ActiveCfg = Release|Any CPU
		{9BC59B80-922F-4200-9828-AADD64B808BD}.TG-LocalDev|Any CPU.Build.0 = Release|Any CPU
		{09F0A2FB-9B6F-497C-A5B3-00B6784AAC29}.Debug|Any CPU.ActiveCfg = Debug|Any CPU
		{09F0A2FB-9B6F-497C-A5B3-00B6784AAC29}.Debug|Any CPU.Build.0 = Debug|Any CPU
		{09F0A2FB-9B6F-497C-A5B3-00B6784AAC29}.Release|Any CPU.ActiveCfg = Release|Any CPU
		{09F0A2FB-9B6F-497C-A5B3-00B6784AAC29}.Release|Any CPU.Build.0 = Release|Any CPU
		{09F0A2FB-9B6F-497C-A5B3-00B6784AAC29}.TG-LocalDev|Any CPU.ActiveCfg = Release|Any CPU
		{09F0A2FB-9B6F-497C-A5B3-00B6784AAC29}.TG-LocalDev|Any CPU.Build.0 = Release|Any CPU
		{AF356CF2-772B-4B4C-8AD1-A784BC2B7DD3}.Debug|Any CPU.ActiveCfg = Debug|Any CPU
		{AF356CF2-772B-4B4C-8AD1-A784BC2B7DD3}.Debug|Any CPU.Build.0 = Debug|Any CPU
		{AF356CF2-772B-4B4C-8AD1-A784BC2B7DD3}.Release|Any CPU.ActiveCfg = Release|Any CPU
		{AF356CF2-772B-4B4C-8AD1-A784BC2B7DD3}.Release|Any CPU.Build.0 = Release|Any CPU
		{AF356CF2-772B-4B4C-8AD1-A784BC2B7DD3}.TG-LocalDev|Any CPU.ActiveCfg = Release|Any CPU
		{AF356CF2-772B-4B4C-8AD1-A784BC2B7DD3}.TG-LocalDev|Any CPU.Build.0 = Release|Any CPU
		{B6E950D5-1A8F-4D7A-9D48-07FF0C4C827B}.Debug|Any CPU.ActiveCfg = Debug|Any CPU
		{B6E950D5-1A8F-4D7A-9D48-07FF0C4C827B}.Debug|Any CPU.Build.0 = Debug|Any CPU
		{B6E950D5-1A8F-4D7A-9D48-07FF0C4C827B}.Release|Any CPU.ActiveCfg = Release|Any CPU
		{B6E950D5-1A8F-4D7A-9D48-07FF0C4C827B}.Release|Any CPU.Build.0 = Release|Any CPU
		{B6E950D5-1A8F-4D7A-9D48-07FF0C4C827B}.TG-LocalDev|Any CPU.ActiveCfg = Release|Any CPU
		{B6E950D5-1A8F-4D7A-9D48-07FF0C4C827B}.TG-LocalDev|Any CPU.Build.0 = Release|Any CPU
		{9B52CF81-4146-403E-99F5-6BC145CE691E}.Debug|Any CPU.ActiveCfg = Debug|Any CPU
		{9B52CF81-4146-403E-99F5-6BC145CE691E}.Debug|Any CPU.Build.0 = Debug|Any CPU
		{9B52CF81-4146-403E-99F5-6BC145CE691E}.Release|Any CPU.ActiveCfg = Release|Any CPU
		{9B52CF81-4146-403E-99F5-6BC145CE691E}.Release|Any CPU.Build.0 = Release|Any CPU
		{9B52CF81-4146-403E-99F5-6BC145CE691E}.TG-LocalDev|Any CPU.ActiveCfg = Release|Any CPU
		{9B52CF81-4146-403E-99F5-6BC145CE691E}.TG-LocalDev|Any CPU.Build.0 = Release|Any CPU
		{832C750F-DD32-479B-878E-8EC2D60515EF}.Debug|Any CPU.ActiveCfg = Debug|Any CPU
		{832C750F-DD32-479B-878E-8EC2D60515EF}.Debug|Any CPU.Build.0 = Debug|Any CPU
		{832C750F-DD32-479B-878E-8EC2D60515EF}.Release|Any CPU.ActiveCfg = Release|Any CPU
		{832C750F-DD32-479B-878E-8EC2D60515EF}.Release|Any CPU.Build.0 = Release|Any CPU
		{832C750F-DD32-479B-878E-8EC2D60515EF}.TG-LocalDev|Any CPU.ActiveCfg = Release|Any CPU
		{832C750F-DD32-479B-878E-8EC2D60515EF}.TG-LocalDev|Any CPU.Build.0 = Release|Any CPU
		{CD0CE06F-4FC7-40E2-8B74-7C0ACD86A8F2}.Debug|Any CPU.ActiveCfg = Debug|Any CPU
		{CD0CE06F-4FC7-40E2-8B74-7C0ACD86A8F2}.Debug|Any CPU.Build.0 = Debug|Any CPU
		{CD0CE06F-4FC7-40E2-8B74-7C0ACD86A8F2}.Release|Any CPU.ActiveCfg = Release|Any CPU
		{CD0CE06F-4FC7-40E2-8B74-7C0ACD86A8F2}.Release|Any CPU.Build.0 = Release|Any CPU
		{CD0CE06F-4FC7-40E2-8B74-7C0ACD86A8F2}.TG-LocalDev|Any CPU.ActiveCfg = Release|Any CPU
		{CD0CE06F-4FC7-40E2-8B74-7C0ACD86A8F2}.TG-LocalDev|Any CPU.Build.0 = Release|Any CPU
		{B32D6539-3275-4D61-BF26-F695030E335A}.Debug|Any CPU.ActiveCfg = Debug|Any CPU
		{B32D6539-3275-4D61-BF26-F695030E335A}.Debug|Any CPU.Build.0 = Debug|Any CPU
		{B32D6539-3275-4D61-BF26-F695030E335A}.Release|Any CPU.ActiveCfg = Release|Any CPU
		{B32D6539-3275-4D61-BF26-F695030E335A}.Release|Any CPU.Build.0 = Release|Any CPU
		{B32D6539-3275-4D61-BF26-F695030E335A}.TG-LocalDev|Any CPU.ActiveCfg = Release|Any CPU
		{B32D6539-3275-4D61-BF26-F695030E335A}.TG-LocalDev|Any CPU.Build.0 = Release|Any CPU
		{BF5874E0-A343-4C0F-95C4-515DFA8A91F5}.Debug|Any CPU.ActiveCfg = Debug|Any CPU
		{BF5874E0-A343-4C0F-95C4-515DFA8A91F5}.Debug|Any CPU.Build.0 = Debug|Any CPU
		{BF5874E0-A343-4C0F-95C4-515DFA8A91F5}.Release|Any CPU.ActiveCfg = Release|Any CPU
		{BF5874E0-A343-4C0F-95C4-515DFA8A91F5}.Release|Any CPU.Build.0 = Release|Any CPU
		{BF5874E0-A343-4C0F-95C4-515DFA8A91F5}.TG-LocalDev|Any CPU.ActiveCfg = Release|Any CPU
		{BF5874E0-A343-4C0F-95C4-515DFA8A91F5}.TG-LocalDev|Any CPU.Build.0 = Release|Any CPU
		{565808E6-EA4E-48D1-BD1C-EEF63B8A9BCB}.Debug|Any CPU.ActiveCfg = Debug|Any CPU
		{565808E6-EA4E-48D1-BD1C-EEF63B8A9BCB}.Debug|Any CPU.Build.0 = Debug|Any CPU
		{565808E6-EA4E-48D1-BD1C-EEF63B8A9BCB}.Release|Any CPU.ActiveCfg = Release|Any CPU
		{565808E6-EA4E-48D1-BD1C-EEF63B8A9BCB}.Release|Any CPU.Build.0 = Release|Any CPU
		{565808E6-EA4E-48D1-BD1C-EEF63B8A9BCB}.TG-LocalDev|Any CPU.ActiveCfg = Release|Any CPU
		{565808E6-EA4E-48D1-BD1C-EEF63B8A9BCB}.TG-LocalDev|Any CPU.Build.0 = Release|Any CPU
		{50877BD4-36CF-423A-9E74-BFA4292E78EB}.Debug|Any CPU.ActiveCfg = Debug|Any CPU
		{50877BD4-36CF-423A-9E74-BFA4292E78EB}.Debug|Any CPU.Build.0 = Debug|Any CPU
		{50877BD4-36CF-423A-9E74-BFA4292E78EB}.Release|Any CPU.ActiveCfg = Release|Any CPU
		{50877BD4-36CF-423A-9E74-BFA4292E78EB}.Release|Any CPU.Build.0 = Release|Any CPU
		{50877BD4-36CF-423A-9E74-BFA4292E78EB}.TG-LocalDev|Any CPU.ActiveCfg = Release|Any CPU
		{50877BD4-36CF-423A-9E74-BFA4292E78EB}.TG-LocalDev|Any CPU.Build.0 = Release|Any CPU
		{0C73C780-1484-4478-9AA5-5A182AD0DA21}.Debug|Any CPU.ActiveCfg = Debug|Any CPU
		{0C73C780-1484-4478-9AA5-5A182AD0DA21}.Debug|Any CPU.Build.0 = Debug|Any CPU
		{0C73C780-1484-4478-9AA5-5A182AD0DA21}.Release|Any CPU.ActiveCfg = Release|Any CPU
		{0C73C780-1484-4478-9AA5-5A182AD0DA21}.Release|Any CPU.Build.0 = Release|Any CPU
		{0C73C780-1484-4478-9AA5-5A182AD0DA21}.TG-LocalDev|Any CPU.ActiveCfg = Release|Any CPU
		{0C73C780-1484-4478-9AA5-5A182AD0DA21}.TG-LocalDev|Any CPU.Build.0 = Release|Any CPU
		{E43A25F7-7AF6-4309-A120-003F861BB37D}.Debug|Any CPU.ActiveCfg = Debug|Any CPU
		{E43A25F7-7AF6-4309-A120-003F861BB37D}.Debug|Any CPU.Build.0 = Debug|Any CPU
		{E43A25F7-7AF6-4309-A120-003F861BB37D}.Release|Any CPU.ActiveCfg = Release|Any CPU
		{E43A25F7-7AF6-4309-A120-003F861BB37D}.Release|Any CPU.Build.0 = Release|Any CPU
		{E43A25F7-7AF6-4309-A120-003F861BB37D}.TG-LocalDev|Any CPU.ActiveCfg = Release|Any CPU
		{E43A25F7-7AF6-4309-A120-003F861BB37D}.TG-LocalDev|Any CPU.Build.0 = Release|Any CPU
		{31B463CD-4632-4A89-BA89-14219B323168}.Debug|Any CPU.ActiveCfg = Debug|Any CPU
		{31B463CD-4632-4A89-BA89-14219B323168}.Debug|Any CPU.Build.0 = Debug|Any CPU
		{31B463CD-4632-4A89-BA89-14219B323168}.Release|Any CPU.ActiveCfg = Release|Any CPU
		{31B463CD-4632-4A89-BA89-14219B323168}.Release|Any CPU.Build.0 = Release|Any CPU
		{31B463CD-4632-4A89-BA89-14219B323168}.TG-LocalDev|Any CPU.ActiveCfg = Release|Any CPU
		{31B463CD-4632-4A89-BA89-14219B323168}.TG-LocalDev|Any CPU.Build.0 = Release|Any CPU
		{9125D01E-7F48-410F-BF89-2CBB5A627C0E}.Debug|Any CPU.ActiveCfg = Debug|Any CPU
		{9125D01E-7F48-410F-BF89-2CBB5A627C0E}.Debug|Any CPU.Build.0 = Debug|Any CPU
		{9125D01E-7F48-410F-BF89-2CBB5A627C0E}.Release|Any CPU.ActiveCfg = Release|Any CPU
		{9125D01E-7F48-410F-BF89-2CBB5A627C0E}.Release|Any CPU.Build.0 = Release|Any CPU
		{9125D01E-7F48-410F-BF89-2CBB5A627C0E}.TG-LocalDev|Any CPU.ActiveCfg = Release|Any CPU
		{9125D01E-7F48-410F-BF89-2CBB5A627C0E}.TG-LocalDev|Any CPU.Build.0 = Release|Any CPU
		{00C002E7-C01A-46C6-A08B-C35050DEF9D7}.Debug|Any CPU.ActiveCfg = Debug|Any CPU
		{00C002E7-C01A-46C6-A08B-C35050DEF9D7}.Debug|Any CPU.Build.0 = Debug|Any CPU
		{00C002E7-C01A-46C6-A08B-C35050DEF9D7}.Release|Any CPU.ActiveCfg = Release|Any CPU
		{00C002E7-C01A-46C6-A08B-C35050DEF9D7}.Release|Any CPU.Build.0 = Release|Any CPU
		{00C002E7-C01A-46C6-A08B-C35050DEF9D7}.TG-LocalDev|Any CPU.ActiveCfg = Release|Any CPU
		{00C002E7-C01A-46C6-A08B-C35050DEF9D7}.TG-LocalDev|Any CPU.Build.0 = Release|Any CPU
		{50762089-6D92-43B8-AF13-D936BBB29FDB}.Debug|Any CPU.ActiveCfg = Debug|Any CPU
		{50762089-6D92-43B8-AF13-D936BBB29FDB}.Debug|Any CPU.Build.0 = Debug|Any CPU
		{50762089-6D92-43B8-AF13-D936BBB29FDB}.Release|Any CPU.ActiveCfg = Release|Any CPU
		{50762089-6D92-43B8-AF13-D936BBB29FDB}.Release|Any CPU.Build.0 = Release|Any CPU
		{50762089-6D92-43B8-AF13-D936BBB29FDB}.TG-LocalDev|Any CPU.ActiveCfg = Release|Any CPU
		{50762089-6D92-43B8-AF13-D936BBB29FDB}.TG-LocalDev|Any CPU.Build.0 = Release|Any CPU
		{82B26280-1A3E-40C8-A45F-E4716B5232A2}.Debug|Any CPU.ActiveCfg = Debug|Any CPU
		{82B26280-1A3E-40C8-A45F-E4716B5232A2}.Debug|Any CPU.Build.0 = Debug|Any CPU
		{82B26280-1A3E-40C8-A45F-E4716B5232A2}.Release|Any CPU.ActiveCfg = Release|Any CPU
		{82B26280-1A3E-40C8-A45F-E4716B5232A2}.Release|Any CPU.Build.0 = Release|Any CPU
		{82B26280-1A3E-40C8-A45F-E4716B5232A2}.TG-LocalDev|Any CPU.ActiveCfg = Release|Any CPU
		{82B26280-1A3E-40C8-A45F-E4716B5232A2}.TG-LocalDev|Any CPU.Build.0 = Release|Any CPU
		{94318764-4F34-4278-A075-8C2FC2E71143}.Debug|Any CPU.ActiveCfg = Debug|Any CPU
		{94318764-4F34-4278-A075-8C2FC2E71143}.Debug|Any CPU.Build.0 = Debug|Any CPU
		{94318764-4F34-4278-A075-8C2FC2E71143}.Release|Any CPU.ActiveCfg = Release|Any CPU
		{94318764-4F34-4278-A075-8C2FC2E71143}.Release|Any CPU.Build.0 = Release|Any CPU
		{94318764-4F34-4278-A075-8C2FC2E71143}.TG-LocalDev|Any CPU.ActiveCfg = Release|Any CPU
		{94318764-4F34-4278-A075-8C2FC2E71143}.TG-LocalDev|Any CPU.Build.0 = Release|Any CPU
		{57BF1BA9-FC93-4A52-B831-0291364076F3}.Debug|Any CPU.ActiveCfg = Debug|Any CPU
		{57BF1BA9-FC93-4A52-B831-0291364076F3}.Debug|Any CPU.Build.0 = Debug|Any CPU
		{57BF1BA9-FC93-4A52-B831-0291364076F3}.Release|Any CPU.ActiveCfg = Release|Any CPU
		{57BF1BA9-FC93-4A52-B831-0291364076F3}.Release|Any CPU.Build.0 = Release|Any CPU
		{57BF1BA9-FC93-4A52-B831-0291364076F3}.TG-LocalDev|Any CPU.ActiveCfg = Release|Any CPU
		{57BF1BA9-FC93-4A52-B831-0291364076F3}.TG-LocalDev|Any CPU.Build.0 = Release|Any CPU
		{3EE91FAF-4F79-453B-ADA6-E3F3DAF24625}.Debug|Any CPU.ActiveCfg = Debug|Any CPU
		{3EE91FAF-4F79-453B-ADA6-E3F3DAF24625}.Debug|Any CPU.Build.0 = Debug|Any CPU
		{3EE91FAF-4F79-453B-ADA6-E3F3DAF24625}.Release|Any CPU.ActiveCfg = Release|Any CPU
		{3EE91FAF-4F79-453B-ADA6-E3F3DAF24625}.Release|Any CPU.Build.0 = Release|Any CPU
		{3EE91FAF-4F79-453B-ADA6-E3F3DAF24625}.TG-LocalDev|Any CPU.ActiveCfg = Release|Any CPU
		{3EE91FAF-4F79-453B-ADA6-E3F3DAF24625}.TG-LocalDev|Any CPU.Build.0 = Release|Any CPU
		{75EBA888-510F-4EBE-947A-D9D483950992}.Debug|Any CPU.ActiveCfg = Debug|Any CPU
		{75EBA888-510F-4EBE-947A-D9D483950992}.Debug|Any CPU.Build.0 = Debug|Any CPU
		{75EBA888-510F-4EBE-947A-D9D483950992}.Release|Any CPU.ActiveCfg = Release|Any CPU
		{75EBA888-510F-4EBE-947A-D9D483950992}.Release|Any CPU.Build.0 = Release|Any CPU
		{75EBA888-510F-4EBE-947A-D9D483950992}.TG-LocalDev|Any CPU.ActiveCfg = Release|Any CPU
		{75EBA888-510F-4EBE-947A-D9D483950992}.TG-LocalDev|Any CPU.Build.0 = Release|Any CPU
		{DB65EA31-A777-4B91-95F5-A55C59A9D0DA}.Debug|Any CPU.ActiveCfg = Debug|Any CPU
		{DB65EA31-A777-4B91-95F5-A55C59A9D0DA}.Debug|Any CPU.Build.0 = Debug|Any CPU
		{DB65EA31-A777-4B91-95F5-A55C59A9D0DA}.Release|Any CPU.ActiveCfg = Release|Any CPU
		{DB65EA31-A777-4B91-95F5-A55C59A9D0DA}.Release|Any CPU.Build.0 = Release|Any CPU
		{DB65EA31-A777-4B91-95F5-A55C59A9D0DA}.TG-LocalDev|Any CPU.ActiveCfg = Release|Any CPU
		{DB65EA31-A777-4B91-95F5-A55C59A9D0DA}.TG-LocalDev|Any CPU.Build.0 = Release|Any CPU
		{874D9F67-B300-4914-BBF7-57C58825A664}.Debug|Any CPU.ActiveCfg = Debug|Any CPU
		{874D9F67-B300-4914-BBF7-57C58825A664}.Debug|Any CPU.Build.0 = Debug|Any CPU
		{874D9F67-B300-4914-BBF7-57C58825A664}.Release|Any CPU.ActiveCfg = Release|Any CPU
		{874D9F67-B300-4914-BBF7-57C58825A664}.Release|Any CPU.Build.0 = Release|Any CPU
		{874D9F67-B300-4914-BBF7-57C58825A664}.TG-LocalDev|Any CPU.ActiveCfg = Release|Any CPU
		{874D9F67-B300-4914-BBF7-57C58825A664}.TG-LocalDev|Any CPU.Build.0 = Release|Any CPU
		{3FBF8842-963F-45B4-A553-DEE383607FC2}.Debug|Any CPU.ActiveCfg = Debug|Any CPU
		{3FBF8842-963F-45B4-A553-DEE383607FC2}.Debug|Any CPU.Build.0 = Debug|Any CPU
		{3FBF8842-963F-45B4-A553-DEE383607FC2}.Release|Any CPU.ActiveCfg = Release|Any CPU
		{3FBF8842-963F-45B4-A553-DEE383607FC2}.Release|Any CPU.Build.0 = Release|Any CPU
		{3FBF8842-963F-45B4-A553-DEE383607FC2}.TG-LocalDev|Any CPU.ActiveCfg = Release|Any CPU
		{3FBF8842-963F-45B4-A553-DEE383607FC2}.TG-LocalDev|Any CPU.Build.0 = Release|Any CPU
		{7D9C713B-C85E-4BD3-A474-6E8893DFE74D}.Debug|Any CPU.ActiveCfg = Debug|Any CPU
		{7D9C713B-C85E-4BD3-A474-6E8893DFE74D}.Debug|Any CPU.Build.0 = Debug|Any CPU
		{7D9C713B-C85E-4BD3-A474-6E8893DFE74D}.Release|Any CPU.ActiveCfg = Release|Any CPU
		{7D9C713B-C85E-4BD3-A474-6E8893DFE74D}.Release|Any CPU.Build.0 = Release|Any CPU
		{7D9C713B-C85E-4BD3-A474-6E8893DFE74D}.TG-LocalDev|Any CPU.ActiveCfg = Release|Any CPU
		{7D9C713B-C85E-4BD3-A474-6E8893DFE74D}.TG-LocalDev|Any CPU.Build.0 = Release|Any CPU
		{D31F2A96-8394-46F1-80D6-2FAC2FC1CA87}.Debug|Any CPU.ActiveCfg = Debug|Any CPU
		{D31F2A96-8394-46F1-80D6-2FAC2FC1CA87}.Debug|Any CPU.Build.0 = Debug|Any CPU
		{D31F2A96-8394-46F1-80D6-2FAC2FC1CA87}.Release|Any CPU.ActiveCfg = Release|Any CPU
		{D31F2A96-8394-46F1-80D6-2FAC2FC1CA87}.Release|Any CPU.Build.0 = Release|Any CPU
		{D31F2A96-8394-46F1-80D6-2FAC2FC1CA87}.TG-LocalDev|Any CPU.ActiveCfg = Release|Any CPU
		{D31F2A96-8394-46F1-80D6-2FAC2FC1CA87}.TG-LocalDev|Any CPU.Build.0 = Release|Any CPU
		{B2987D0E-FDD6-4BBE-8777-326735432C70}.Debug|Any CPU.ActiveCfg = Debug|Any CPU
		{B2987D0E-FDD6-4BBE-8777-326735432C70}.Debug|Any CPU.Build.0 = Debug|Any CPU
		{B2987D0E-FDD6-4BBE-8777-326735432C70}.Release|Any CPU.ActiveCfg = Release|Any CPU
		{B2987D0E-FDD6-4BBE-8777-326735432C70}.Release|Any CPU.Build.0 = Release|Any CPU
		{B2987D0E-FDD6-4BBE-8777-326735432C70}.TG-LocalDev|Any CPU.ActiveCfg = Release|Any CPU
		{B2987D0E-FDD6-4BBE-8777-326735432C70}.TG-LocalDev|Any CPU.Build.0 = Release|Any CPU
		{89D04A8D-C900-4D75-845A-BA115CEF94FA}.Debug|Any CPU.ActiveCfg = Debug|Any CPU
		{89D04A8D-C900-4D75-845A-BA115CEF94FA}.Debug|Any CPU.Build.0 = Debug|Any CPU
		{89D04A8D-C900-4D75-845A-BA115CEF94FA}.Release|Any CPU.ActiveCfg = Release|Any CPU
		{89D04A8D-C900-4D75-845A-BA115CEF94FA}.Release|Any CPU.Build.0 = Release|Any CPU
		{89D04A8D-C900-4D75-845A-BA115CEF94FA}.TG-LocalDev|Any CPU.ActiveCfg = Release|Any CPU
		{89D04A8D-C900-4D75-845A-BA115CEF94FA}.TG-LocalDev|Any CPU.Build.0 = Release|Any CPU
		{E7DFB0A3-988D-4DCC-BF92-3E91DFC723CD}.Debug|Any CPU.ActiveCfg = Debug|Any CPU
		{E7DFB0A3-988D-4DCC-BF92-3E91DFC723CD}.Debug|Any CPU.Build.0 = Debug|Any CPU
		{E7DFB0A3-988D-4DCC-BF92-3E91DFC723CD}.Release|Any CPU.ActiveCfg = Release|Any CPU
		{E7DFB0A3-988D-4DCC-BF92-3E91DFC723CD}.Release|Any CPU.Build.0 = Release|Any CPU
		{E7DFB0A3-988D-4DCC-BF92-3E91DFC723CD}.TG-LocalDev|Any CPU.ActiveCfg = Release|Any CPU
		{E7DFB0A3-988D-4DCC-BF92-3E91DFC723CD}.TG-LocalDev|Any CPU.Build.0 = Release|Any CPU
		{BCA96209-6006-4D5C-9B72-4181230B026B}.Debug|Any CPU.ActiveCfg = Debug|Any CPU
		{BCA96209-6006-4D5C-9B72-4181230B026B}.Debug|Any CPU.Build.0 = Debug|Any CPU
		{BCA96209-6006-4D5C-9B72-4181230B026B}.Release|Any CPU.ActiveCfg = Release|Any CPU
		{BCA96209-6006-4D5C-9B72-4181230B026B}.Release|Any CPU.Build.0 = Release|Any CPU
		{BCA96209-6006-4D5C-9B72-4181230B026B}.TG-LocalDev|Any CPU.ActiveCfg = Debug|Any CPU
		{BCA96209-6006-4D5C-9B72-4181230B026B}.TG-LocalDev|Any CPU.Build.0 = Debug|Any CPU
	EndGlobalSection
	GlobalSection(SolutionProperties) = preSolution
		HideSolutionNode = FALSE
	EndGlobalSection
	GlobalSection(NestedProjects) = preSolution
		{A43F604D-2EA4-47BE-AD09-78018937124E} = {9441641D-9DDA-428D-B37E-E8EFB13E3E4F}
		{EE689627-ED13-4E75-A78F-E2239C754497} = {A43F604D-2EA4-47BE-AD09-78018937124E}
		{B28B47E5-EAE9-441C-BAD4-8C02D3EC8507} = {5E02BE08-E142-4C82-A3CE-01C86B91EA31}
		{5E02BE08-E142-4C82-A3CE-01C86B91EA31} = {EFB92C2B-978D-4801-B8C0-0E37104B5964}
		{C9528DCD-C19D-4D09-B09B-7741E8DA7170} = {589A0BCB-7818-455F-8F6A-0C323D589CAF}
		{589A0BCB-7818-455F-8F6A-0C323D589CAF} = {EFB92C2B-978D-4801-B8C0-0E37104B5964}
		{12C08374-D1C8-40C7-B91D-D7EE9E5FB42F} = {6859C2B1-0CE6-45F8-BCD7-9B0664663946}
		{6859C2B1-0CE6-45F8-BCD7-9B0664663946} = {EFB92C2B-978D-4801-B8C0-0E37104B5964}
		{28555A82-E9DC-4E03-B425-2CF82C97FC4B} = {EFB92C2B-978D-4801-B8C0-0E37104B5964}
		{F861AE8B-4A9E-43CD-BB20-5DBD78B78FF4} = {28555A82-E9DC-4E03-B425-2CF82C97FC4B}
		{52A4C249-91D4-4B2C-B483-E2E9DD36860B} = {D83E50AB-ACA3-49B8-9DB4-C0CCDCABC6E0}
		{D83E50AB-ACA3-49B8-9DB4-C0CCDCABC6E0} = {EFB92C2B-978D-4801-B8C0-0E37104B5964}
		{6445DE74-909D-49AB-9640-7CA76EF2246C} = {2334E842-22C9-49FC-8672-3E08CED96801}
		{2334E842-22C9-49FC-8672-3E08CED96801} = {EFB92C2B-978D-4801-B8C0-0E37104B5964}
		{F11FD675-2E15-4B20-ACC8-62FE49693179} = {B227B341-EA64-4FEC-9960-958B6D01DBFE}
		{B227B341-EA64-4FEC-9960-958B6D01DBFE} = {EFB92C2B-978D-4801-B8C0-0E37104B5964}
		{172A3ABE-3DE5-4160-BDD2-9E40C0597445} = {AE3FC748-1483-4FFB-B252-DAD605E082DC}
		{AE3FC748-1483-4FFB-B252-DAD605E082DC} = {EFB92C2B-978D-4801-B8C0-0E37104B5964}
		{074D5C5B-DEC7-47A1-9D03-C5B8C7992CEA} = {3C1F09A6-A0AB-4432-9D5C-47775F7208C2}
		{3C1F09A6-A0AB-4432-9D5C-47775F7208C2} = {EFB92C2B-978D-4801-B8C0-0E37104B5964}
		{9BC59B80-922F-4200-9828-AADD64B808BD} = {C33EA560-C9F3-4D80-AB74-D24BE4D49569}
		{C33EA560-C9F3-4D80-AB74-D24BE4D49569} = {EFB92C2B-978D-4801-B8C0-0E37104B5964}
		{6D07A34F-7EA9-4D03-B3B9-1F57ACC5887F} = {EFB92C2B-978D-4801-B8C0-0E37104B5964}
		{09F0A2FB-9B6F-497C-A5B3-00B6784AAC29} = {6D07A34F-7EA9-4D03-B3B9-1F57ACC5887F}
		{AF356CF2-772B-4B4C-8AD1-A784BC2B7DD3} = {8B5D5A4D-2F9F-49B9-B9F1-020140CAF7F6}
		{B6E950D5-1A8F-4D7A-9D48-07FF0C4C827B} = {B4DAE59B-7A46-4B3D-A8D2-AB44A73BE0B1}
		{9B52CF81-4146-403E-99F5-6BC145CE691E} = {F843E36A-D663-4F46-BA39-94E645CA2C45}
		{832C750F-DD32-479B-878E-8EC2D60515EF} = {694C2EB6-0617-4BC3-88ED-40C77A57562D}
		{8B5D5A4D-2F9F-49B9-B9F1-020140CAF7F6} = {EFB92C2B-978D-4801-B8C0-0E37104B5964}
		{B4DAE59B-7A46-4B3D-A8D2-AB44A73BE0B1} = {EFB92C2B-978D-4801-B8C0-0E37104B5964}
		{694C2EB6-0617-4BC3-88ED-40C77A57562D} = {EFB92C2B-978D-4801-B8C0-0E37104B5964}
		{F843E36A-D663-4F46-BA39-94E645CA2C45} = {EFB92C2B-978D-4801-B8C0-0E37104B5964}
		{CD0CE06F-4FC7-40E2-8B74-7C0ACD86A8F2} = {C8389C28-6FA9-4F20-9EF3-7E8D31A18028}
		{C8389C28-6FA9-4F20-9EF3-7E8D31A18028} = {EFB92C2B-978D-4801-B8C0-0E37104B5964}
		{B32D6539-3275-4D61-BF26-F695030E335A} = {9D6C5A7D-6BBF-439F-9AAF-41B5A9F3C4F1}
		{BF5874E0-A343-4C0F-95C4-515DFA8A91F5} = {3B9D7061-621D-4D1E-AD4E-A5ED026F8C20}
		{3B9D7061-621D-4D1E-AD4E-A5ED026F8C20} = {EFB92C2B-978D-4801-B8C0-0E37104B5964}
		{C88B7F2B-1C27-4D24-BCBB-3C1E4C1EFFC8} = {EFB92C2B-978D-4801-B8C0-0E37104B5964}
		{565808E6-EA4E-48D1-BD1C-EEF63B8A9BCB} = {C88B7F2B-1C27-4D24-BCBB-3C1E4C1EFFC8}
		{AABD6747-0BF1-42CE-ACE4-DF2FA53EDF87} = {EFB92C2B-978D-4801-B8C0-0E37104B5964}
		{50877BD4-36CF-423A-9E74-BFA4292E78EB} = {AABD6747-0BF1-42CE-ACE4-DF2FA53EDF87}
		{AC7EE8B6-0E7B-41EA-B916-7A3FE1C19DB0} = {EFB92C2B-978D-4801-B8C0-0E37104B5964}
		{0C73C780-1484-4478-9AA5-5A182AD0DA21} = {AC7EE8B6-0E7B-41EA-B916-7A3FE1C19DB0}
		{A1F2D716-CE68-4FF3-A1C6-EA01F315D834} = {EFB92C2B-978D-4801-B8C0-0E37104B5964}
		{E43A25F7-7AF6-4309-A120-003F861BB37D} = {A1F2D716-CE68-4FF3-A1C6-EA01F315D834}
		{747A1746-61AD-4A84-8CF9-786921EF1608} = {EFB92C2B-978D-4801-B8C0-0E37104B5964}
		{31B463CD-4632-4A89-BA89-14219B323168} = {747A1746-61AD-4A84-8CF9-786921EF1608}
		{53621CBA-9821-46CA-8E5C-C2AD7F6BA76A} = {EFB92C2B-978D-4801-B8C0-0E37104B5964}
		{9125D01E-7F48-410F-BF89-2CBB5A627C0E} = {53621CBA-9821-46CA-8E5C-C2AD7F6BA76A}
		{00C002E7-C01A-46C6-A08B-C35050DEF9D7} = {28702145-8836-446D-AE91-9DEC65D7B6AE}
		{28702145-8836-446D-AE91-9DEC65D7B6AE} = {EFB92C2B-978D-4801-B8C0-0E37104B5964}
		{156008A2-3E85-43B5-BEAA-A4A13E34681D} = {EFB92C2B-978D-4801-B8C0-0E37104B5964}
		{50762089-6D92-43B8-AF13-D936BBB29FDB} = {9D6C5A7D-6BBF-439F-9AAF-41B5A9F3C4F1}
		{82B26280-1A3E-40C8-A45F-E4716B5232A2} = {9D6C5A7D-6BBF-439F-9AAF-41B5A9F3C4F1}
		{94318764-4F34-4278-A075-8C2FC2E71143} = {86A73BA3-1A96-4752-94EE-C74D134EC9A0}
		{86A73BA3-1A96-4752-94EE-C74D134EC9A0} = {EFB92C2B-978D-4801-B8C0-0E37104B5964}
		{709013A9-F58B-426A-955A-EE0D482C009D} = {EFB92C2B-978D-4801-B8C0-0E37104B5964}
		{57BF1BA9-FC93-4A52-B831-0291364076F3} = {709013A9-F58B-426A-955A-EE0D482C009D}
		{3EE91FAF-4F79-453B-ADA6-E3F3DAF24625} = {9D6C5A7D-6BBF-439F-9AAF-41B5A9F3C4F1}
		{BD0CDBEA-80B5-4DB4-ABB7-3B31D8ECA3E8} = {EFB92C2B-978D-4801-B8C0-0E37104B5964}
		{75EBA888-510F-4EBE-947A-D9D483950992} = {BD0CDBEA-80B5-4DB4-ABB7-3B31D8ECA3E8}
		{3FAC025A-46A4-45EA-B596-496B79E63ED4} = {EFB92C2B-978D-4801-B8C0-0E37104B5964}
		{DB65EA31-A777-4B91-95F5-A55C59A9D0DA} = {3FAC025A-46A4-45EA-B596-496B79E63ED4}
		{874D9F67-B300-4914-BBF7-57C58825A664} = {0ED3856A-CC4B-462E-8B35-13D188AF38D4}
		{0ED3856A-CC4B-462E-8B35-13D188AF38D4} = {EFB92C2B-978D-4801-B8C0-0E37104B5964}
		{3FBF8842-963F-45B4-A553-DEE383607FC2} = {51F283BB-DBCF-404A-AD92-AA019DB4D0C8}
		{51F283BB-DBCF-404A-AD92-AA019DB4D0C8} = {EFB92C2B-978D-4801-B8C0-0E37104B5964}
		{7D9C713B-C85E-4BD3-A474-6E8893DFE74D} = {070BEAE2-0039-4A91-BCA1-87C9D8179B77}
		{070BEAE2-0039-4A91-BCA1-87C9D8179B77} = {EFB92C2B-978D-4801-B8C0-0E37104B5964}
		{D31F2A96-8394-46F1-80D6-2FAC2FC1CA87} = {CA7B1B43-1580-4CCC-8737-0767246A86D4}
		{CA7B1B43-1580-4CCC-8737-0767246A86D4} = {EFB92C2B-978D-4801-B8C0-0E37104B5964}
		{B2987D0E-FDD6-4BBE-8777-326735432C70} = {E9E31C9D-CF9D-4F5C-AE5A-7869F8AB6C26}
		{89D04A8D-C900-4D75-845A-BA115CEF94FA} = {E9E31C9D-CF9D-4F5C-AE5A-7869F8AB6C26}
		{E7DFB0A3-988D-4DCC-BF92-3E91DFC723CD} = {156008A2-3E85-43B5-BEAA-A4A13E34681D}
		{BCA96209-6006-4D5C-9B72-4181230B026B} = {9D6C5A7D-6BBF-439F-9AAF-41B5A9F3C4F1}
	EndGlobalSection
	GlobalSection(ExtensibilityGlobals) = postSolution
		SolutionGuid = {87F6568D-3775-4C29-861A-29FF68822B9A}
		EnterpriseLibraryConfigurationToolBinariesPathV6 = packages\EnterpriseLibrary.Common.6.0.1304.0\lib\NET45;packages\EnterpriseLibrary.TransientFaultHandling.6.0.1304.0\lib\portable-net45+win+wp8;packages\EnterpriseLibrary.TransientFaultHandling.Caching.6.0.1304.0\lib\NET45;packages\EnterpriseLibrary.TransientFaultHandling.Data.6.0.1304.1\lib\NET45;packages\EnterpriseLibrary.TransientFaultHandling.ServiceBus.6.0.1304.0\lib\NET45;packages\EnterpriseLibrary.TransientFaultHandling.WindowsAzure.Storage.6.0.1304.0\lib\NET45;packages\EnterpriseLibrary.TransientFaultHandling.Configuration.6.0.1304.0\lib\NET45
	EndGlobalSection
EndGlobal
